
Microsoft Visual Studio Solution File, Format Version 12.00
# Visual Studio 15
VisualStudioVersion = 15.0.28307.902
MinimumVisualStudioVersion = 10.0.40219.1
Project("{FAE04EC0-301F-11D3-BF4B-00C04F79EFBC}") = "Snake", "Snake\Snake.csproj", "{EEF2729D-B6DB-4091-99B7-EFDF803FC535}"
EndProject
Global
	GlobalSection(SolutionConfigurationPlatforms) = preSolution
		Debug|Any CPU = Debug|Any CPU
		Release|Any CPU = Release|Any CPU
	EndGlobalSection
	GlobalSection(ProjectConfigurationPlatforms) = postSolution
		{EEF2729D-B6DB-4091-99B7-EFDF803FC535}.Debug|Any CPU.ActiveCfg = Debug|Any CPU
		{EEF2729D-B6DB-4091-99B7-EFDF803FC535}.Debug|Any CPU.Build.0 = Debug|Any CPU
		{EEF2729D-B6DB-4091-99B7-EFDF803FC535}.Release|Any CPU.ActiveCfg = Release|Any CPU
		{EEF2729D-B6DB-4091-99B7-EFDF803FC535}.Release|Any CPU.Build.0 = Release|Any CPU
	EndGlobalSection
	GlobalSection(SolutionProperties) = preSolution
		HideSolutionNode = FALSE
	EndGlobalSection
	GlobalSection(ExtensibilityGlobals) = postSolution
		SolutionGuid = {B1CE0172-0BEF-49CB-B9E6-ED9078687B33}
	EndGlobalSection
EndGlobal
