
Microsoft Visual Studio Solution File, Format Version 12.00
# Visual Studio 15
VisualStudioVersion = 15.0.28307.902
MinimumVisualStudioVersion = 10.0.40219.1
Project("{FAE04EC0-301F-11D3-BF4B-00C04F79EFBC}") = "View", "View\View.csproj", "{388254E3-306D-4790-BEF5-A88B2454BCCB}"
EndProject
Project("{FAE04EC0-301F-11D3-BF4B-00C04F79EFBC}") = "Controller", "Controller\Controller.csproj", "{42B6CD91-0009-4D13-83EB-66868B3A4D00}"
EndProject
Project("{FAE04EC0-301F-11D3-BF4B-00C04F79EFBC}") = "Model", "Model\Model.csproj", "{19AD1117-4844-44DF-8C83-A8063B8DB8A1}"
EndProject
Global
	GlobalSection(SolutionConfigurationPlatforms) = preSolution
		Debug|Any CPU = Debug|Any CPU
		Release|Any CPU = Release|Any CPU
	EndGlobalSection
	GlobalSection(ProjectConfigurationPlatforms) = postSolution
		{388254E3-306D-4790-BEF5-A88B2454BCCB}.Debug|Any CPU.ActiveCfg = Debug|Any CPU
		{388254E3-306D-4790-BEF5-A88B2454BCCB}.Debug|Any CPU.Build.0 = Debug|Any CPU
		{388254E3-306D-4790-BEF5-A88B2454BCCB}.Release|Any CPU.ActiveCfg = Release|Any CPU
		{388254E3-306D-4790-BEF5-A88B2454BCCB}.Release|Any CPU.Build.0 = Release|Any CPU
		{42B6CD91-0009-4D13-83EB-66868B3A4D00}.Debug|Any CPU.ActiveCfg = Debug|Any CPU
		{42B6CD91-0009-4D13-83EB-66868B3A4D00}.Debug|Any CPU.Build.0 = Debug|Any CPU
		{42B6CD91-0009-4D13-83EB-66868B3A4D00}.Release|Any CPU.ActiveCfg = Release|Any CPU
		{42B6CD91-0009-4D13-83EB-66868B3A4D00}.Release|Any CPU.Build.0 = Release|Any CPU
		{19AD1117-4844-44DF-8C83-A8063B8DB8A1}.Debug|Any CPU.ActiveCfg = Debug|Any CPU
		{19AD1117-4844-44DF-8C83-A8063B8DB8A1}.Debug|Any CPU.Build.0 = Debug|Any CPU
		{19AD1117-4844-44DF-8C83-A8063B8DB8A1}.Release|Any CPU.ActiveCfg = Release|Any CPU
		{19AD1117-4844-44DF-8C83-A8063B8DB8A1}.Release|Any CPU.Build.0 = Release|Any CPU
	EndGlobalSection
	GlobalSection(SolutionProperties) = preSolution
		HideSolutionNode = FALSE
	EndGlobalSection
	GlobalSection(ExtensibilityGlobals) = postSolution
		SolutionGuid = {64EA84FE-A024-405C-8971-352802736135}
	EndGlobalSection
EndGlobal
